
Microsoft Visual Studio Solution File, Format Version 12.00
# Visual Studio Version 16
VisualStudioVersion = 16.0.28803.352
MinimumVisualStudioVersion = 10.0.40219.1
Project("{8BC9CEB8-8B4A-11D0-8D11-00A0C91BC942}") = "Project1", "Project1\Project1.vcxproj", "{33208438-7052-4382-8DB6-A8AE30D56CAD}"
EndProject
Project("{8BC9CEB8-8B4A-11D0-8D11-00A0C91BC942}") = "Project2", "Project2\Project2.vcxproj", "{0AC6C242-6CB9-4488-BE40-9D9D2464EF6E}"
EndProject
Project("{8BC9CEB8-8B4A-11D0-8D11-00A0C91BC942}") = "Project3", "Project3\Project3.vcxproj", "{15D2065D-50C9-4399-842D-51E15FA33E3D}"
EndProject
Project("{8BC9CEB8-8B4A-11D0-8D11-00A0C91BC942}") = "Project4", "Project4\Project4.vcxproj", "{A2D0B972-D72C-47A1-B603-1AC7FBFE0A53}"
EndProject
Project("{8BC9CEB8-8B4A-11D0-8D11-00A0C91BC942}") = "Project5", "Project5\Project5.vcxproj", "{9AC42C89-0271-4734-8C92-F70E70418978}"
EndProject
Global
	GlobalSection(SolutionConfigurationPlatforms) = preSolution
		Debug|x64 = Debug|x64
		Debug|x86 = Debug|x86
		Release|x64 = Release|x64
		Release|x86 = Release|x86
	EndGlobalSection
	GlobalSection(ProjectConfigurationPlatforms) = postSolution
		{33208438-7052-4382-8DB6-A8AE30D56CAD}.Debug|x64.ActiveCfg = Debug|x64
		{33208438-7052-4382-8DB6-A8AE30D56CAD}.Debug|x64.Build.0 = Debug|x64
		{33208438-7052-4382-8DB6-A8AE30D56CAD}.Debug|x86.ActiveCfg = Debug|Win32
		{33208438-7052-4382-8DB6-A8AE30D56CAD}.Debug|x86.Build.0 = Debug|Win32
		{33208438-7052-4382-8DB6-A8AE30D56CAD}.Release|x64.ActiveCfg = Release|x64
		{33208438-7052-4382-8DB6-A8AE30D56CAD}.Release|x64.Build.0 = Release|x64
		{33208438-7052-4382-8DB6-A8AE30D56CAD}.Release|x86.ActiveCfg = Release|Win32
		{33208438-7052-4382-8DB6-A8AE30D56CAD}.Release|x86.Build.0 = Release|Win32
		{0AC6C242-6CB9-4488-BE40-9D9D2464EF6E}.Debug|x64.ActiveCfg = Debug|x64
		{0AC6C242-6CB9-4488-BE40-9D9D2464EF6E}.Debug|x64.Build.0 = Debug|x64
		{0AC6C242-6CB9-4488-BE40-9D9D2464EF6E}.Debug|x86.ActiveCfg = Debug|Win32
		{0AC6C242-6CB9-4488-BE40-9D9D2464EF6E}.Debug|x86.Build.0 = Debug|Win32
		{0AC6C242-6CB9-4488-BE40-9D9D2464EF6E}.Release|x64.ActiveCfg = Release|x64
		{0AC6C242-6CB9-4488-BE40-9D9D2464EF6E}.Release|x64.Build.0 = Release|x64
		{0AC6C242-6CB9-4488-BE40-9D9D2464EF6E}.Release|x86.ActiveCfg = Release|Win32
		{0AC6C242-6CB9-4488-BE40-9D9D2464EF6E}.Release|x86.Build.0 = Release|Win32
		{15D2065D-50C9-4399-842D-51E15FA33E3D}.Debug|x64.ActiveCfg = Debug|x64
		{15D2065D-50C9-4399-842D-51E15FA33E3D}.Debug|x64.Build.0 = Debug|x64
		{15D2065D-50C9-4399-842D-51E15FA33E3D}.Debug|x86.ActiveCfg = Debug|Win32
		{15D2065D-50C9-4399-842D-51E15FA33E3D}.Debug|x86.Build.0 = Debug|Win32
		{15D2065D-50C9-4399-842D-51E15FA33E3D}.Release|x64.ActiveCfg = Release|x64
		{15D2065D-50C9-4399-842D-51E15FA33E3D}.Release|x64.Build.0 = Release|x64
		{15D2065D-50C9-4399-842D-51E15FA33E3D}.Release|x86.ActiveCfg = Release|Win32
		{15D2065D-50C9-4399-842D-51E15FA33E3D}.Release|x86.Build.0 = Release|Win32
		{A2D0B972-D72C-47A1-B603-1AC7FBFE0A53}.Debug|x64.ActiveCfg = Debug|x64
		{A2D0B972-D72C-47A1-B603-1AC7FBFE0A53}.Debug|x64.Build.0 = Debug|x64
		{A2D0B972-D72C-47A1-B603-1AC7FBFE0A53}.Debug|x86.ActiveCfg = Debug|Win32
		{A2D0B972-D72C-47A1-B603-1AC7FBFE0A53}.Debug|x86.Build.0 = Debug|Win32
		{A2D0B972-D72C-47A1-B603-1AC7FBFE0A53}.Release|x64.ActiveCfg = Release|x64
		{A2D0B972-D72C-47A1-B603-1AC7FBFE0A53}.Release|x64.Build.0 = Release|x64
		{A2D0B972-D72C-47A1-B603-1AC7FBFE0A53}.Release|x86.ActiveCfg = Release|Win32
		{A2D0B972-D72C-47A1-B603-1AC7FBFE0A53}.Release|x86.Build.0 = Release|Win32
		{9AC42C89-0271-4734-8C92-F70E70418978}.Debug|x64.ActiveCfg = Debug|x64
		{9AC42C89-0271-4734-8C92-F70E70418978}.Debug|x64.Build.0 = Debug|x64
		{9AC42C89-0271-4734-8C92-F70E70418978}.Debug|x86.ActiveCfg = Debug|Win32
		{9AC42C89-0271-4734-8C92-F70E70418978}.Debug|x86.Build.0 = Debug|Win32
		{9AC42C89-0271-4734-8C92-F70E70418978}.Release|x64.ActiveCfg = Release|x64
		{9AC42C89-0271-4734-8C92-F70E70418978}.Release|x64.Build.0 = Release|x64
		{9AC42C89-0271-4734-8C92-F70E70418978}.Release|x86.ActiveCfg = Release|Win32
		{9AC42C89-0271-4734-8C92-F70E70418978}.Release|x86.Build.0 = Release|Win32
	EndGlobalSection
	GlobalSection(SolutionProperties) = preSolution
		HideSolutionNode = FALSE
	EndGlobalSection
	GlobalSection(ExtensibilityGlobals) = postSolution
		SolutionGuid = {9690798C-C5E7-4076-BDBC-3D60A5109B40}
	EndGlobalSection
EndGlobal
